{
  "name": "sygnal-todomvc",
  "version": "0.1.0",
  "lockfileVersion": 2,
  "requires": true,
  "packages": {
    "": {
      "name": "sygnal-todomvc",
      "version": "0.1.0",
      "dependencies": {
        "director": "^1.2.8",
        "sygnal": "^1.0.1",
        "todomvc-app-css": "^2.2.0",
        "todomvc-common": "^1.0.5",
        "xstream": "11.0.0"
      },
      "devDependencies": {
        "snabbdom-pragma": "^2.8.0",
        "vite": "^2.9.9"
      }
    },
    "node_modules/@cycle/dom": {
      "version": "23.1.0",
      "resolved": "https://registry.npmjs.org/@cycle/dom/-/dom-23.1.0.tgz",
      "integrity": "sha512-BCjSKljAzqv7hYa06UjovqmwdBXPoWcHaackcg+3WG9ZAWOPpl+HrZAFQlbtWGFwDHqZOXckxtnRXueamo52iw==",
      "dependencies": {
        "@cycle/run": "^5.2.0",
        "snabbdom": "^3.4.0",
        "snabbdom-selector": "^5.0.0",
        "xstream": "*"
      },
      "engines": {
        "node": ">=0.10.0"
      },
      "funding": {
        "type": "opencollective",
        "url": "https://opencollective.com/cyclejs"
      }
    },
    "node_modules/@cycle/isolate": {
      "version": "5.2.0",
      "resolved": "https://registry.npmjs.org/@cycle/isolate/-/isolate-5.2.0.tgz",
      "integrity": "sha512-BLyyd/EceQnuGaUVSBotdZkBEUeJq1zMbdK7LPdc7WMiJbinkduHue+rOe3BGbK3Ba7LGt7kjRBEfzLke9FGkg==",
      "dependencies": {
        "@cycle/run": "^5.2.0",
        "xstream": "^11.7.0"
      },
      "engines": {
        "node": ">=0.10.0"
      },
      "funding": {
        "type": "opencollective",
        "url": "https://opencollective.com/cyclejs"
      }
    },
    "node_modules/@cycle/isolate/node_modules/symbol-observable": {
      "version": "2.0.3",
      "resolved": "https://registry.npmjs.org/symbol-observable/-/symbol-observable-2.0.3.tgz",
      "integrity": "sha512-sQV7phh2WCYAn81oAkakC5qjq2Ml0g8ozqz03wOGnx9dDlG1de6yrF+0RAzSJD8fPUow3PTSMf2SAbOGxb93BA==",
      "engines": {
        "node": ">=0.10"
      }
    },
    "node_modules/@cycle/isolate/node_modules/xstream": {
      "version": "11.14.0",
      "resolved": "https://registry.npmjs.org/xstream/-/xstream-11.14.0.tgz",
      "integrity": "sha512-1bLb+kKKtKPbgTK6i/BaoAn03g47PpFstlbe1BA+y3pNS/LfvcaghS5BFf9+EE1J+KwSQsEpfJvFN5GqFtiNmw==",
      "dependencies": {
        "globalthis": "^1.0.1",
        "symbol-observable": "^2.0.3"
      }
    },
    "node_modules/@cycle/run": {
      "version": "5.7.0",
      "resolved": "https://registry.npmjs.org/@cycle/run/-/run-5.7.0.tgz",
      "integrity": "sha512-HUsUWCIJxoBcBhkKxiLbUg6mSOIDbDtNvmPUJ4EYoVaJg9jf0wA/ojCmWjAh4Bg6o+lfNlO4c96TANFTreF3Kw==",
      "dependencies": {
        "quicktask": "1.2.0",
        "xstream": "10.x || 11.x"
      },
      "engines": {
        "node": ">=0.12.0"
      },
      "funding": {
        "type": "opencollective",
        "url": "https://opencollective.com/cyclejs"
      }
    },
    "node_modules/@cycle/state": {
      "version": "1.7.0",
      "resolved": "https://registry.npmjs.org/@cycle/state/-/state-1.7.0.tgz",
      "integrity": "sha512-nw0uH8yHqJNPwC56lQOs0oCfTQ89Ya99T7G/X2II+KjDgEr7Xs6FHGyd3DtrCuyH2tH81cbPc2VYPrj8tUeWdQ==",
      "dependencies": {
        "@cycle/isolate": "^5.0.0",
        "@cycle/run": "^5.2.0",
        "quicktask": "1.2.0",
        "xstream": ">=11"
      },
      "funding": {
        "type": "opencollective",
        "url": "https://opencollective.com/cyclejs"
      }
    },
    "node_modules/define-properties": {
      "version": "1.1.4",
      "resolved": "https://registry.npmjs.org/define-properties/-/define-properties-1.1.4.tgz",
      "integrity": "sha512-uckOqKcfaVvtBdsVkdPv3XjveQJsNQqmhXgRi8uhvWWuPYZCNlzT8qAyblUgNoXdHdjMTzAqeGjAoli8f+bzPA==",
      "dependencies": {
        "has-property-descriptors": "^1.0.0",
        "object-keys": "^1.1.1"
      },
      "engines": {
        "node": ">= 0.4"
      },
      "funding": {
        "url": "https://github.com/sponsors/ljharb"
      }
    },
    "node_modules/director": {
      "version": "1.2.8",
      "resolved": "https://registry.npmjs.org/director/-/director-1.2.8.tgz",
      "integrity": "sha1-xtm03YkOmv9TZRg/6cyOc5lM8tU=",
      "engines": {
        "node": ">= 0.8.0"
      }
    },
    "node_modules/esbuild": {
      "version": "0.14.40",
      "resolved": "https://registry.npmjs.org/esbuild/-/esbuild-0.14.40.tgz",
      "integrity": "sha512-toIoQk3ODEEIudsN74wXGdw1eiUN4aKRijOqiwEAqfUFlhORPYFJtACzRdRRlpUysRUUlvIUoGE1aw/MIVCWnA==",
      "dev": true,
      "hasInstallScript": true,
      "bin": {
        "esbuild": "bin/esbuild"
      },
      "engines": {
        "node": ">=12"
      },
      "optionalDependencies": {
        "esbuild-android-64": "0.14.40",
        "esbuild-android-arm64": "0.14.40",
        "esbuild-darwin-64": "0.14.40",
        "esbuild-darwin-arm64": "0.14.40",
        "esbuild-freebsd-64": "0.14.40",
        "esbuild-freebsd-arm64": "0.14.40",
        "esbuild-linux-32": "0.14.40",
        "esbuild-linux-64": "0.14.40",
        "esbuild-linux-arm": "0.14.40",
        "esbuild-linux-arm64": "0.14.40",
        "esbuild-linux-mips64le": "0.14.40",
        "esbuild-linux-ppc64le": "0.14.40",
        "esbuild-linux-riscv64": "0.14.40",
        "esbuild-linux-s390x": "0.14.40",
        "esbuild-netbsd-64": "0.14.40",
        "esbuild-openbsd-64": "0.14.40",
        "esbuild-sunos-64": "0.14.40",
        "esbuild-windows-32": "0.14.40",
        "esbuild-windows-64": "0.14.40",
        "esbuild-windows-arm64": "0.14.40"
      }
    },
    "node_modules/esbuild-android-64": {
      "version": "0.14.40",
      "resolved": "https://registry.npmjs.org/esbuild-android-64/-/esbuild-android-64-0.14.40.tgz",
      "integrity": "sha512-+69t+bmJWWhTyG8waJZcu4UGzM4NbDXAwssTEDYwonyz6L/Is11Y3csJhE16RM0a1GeDin0n810vNP+NVjttKA==",
      "cpu": [
        "x64"
      ],
      "dev": true,
      "optional": true,
      "os": [
        "android"
      ],
      "engines": {
        "node": ">=12"
      }
    },
    "node_modules/esbuild-android-arm64": {
      "version": "0.14.40",
      "resolved": "https://registry.npmjs.org/esbuild-android-arm64/-/esbuild-android-arm64-0.14.40.tgz",
      "integrity": "sha512-lVDn4d7/NL5Svrxuskmd/YcluI6uI4Ebp7A1/tWyLJJYbvfIy5l4Vy8GMhErGLePbRyJJiuBP9xusapK4u+6bg==",
      "cpu": [
        "arm64"
      ],
      "dev": true,
      "optional": true,
      "os": [
        "android"
      ],
      "engines": {
        "node": ">=12"
      }
    },
    "node_modules/esbuild-darwin-64": {
      "version": "0.14.40",
      "resolved": "https://registry.npmjs.org/esbuild-darwin-64/-/esbuild-darwin-64-0.14.40.tgz",
      "integrity": "sha512-b5u3IXCHhOjkRHIQTSxCN7ObUR5NTyJCP9LrnJ69dEEi1w1usI40T/VNyTTCs7n0UgEH7/zi27vBxbZU+sU4Ew==",
      "cpu": [
        "x64"
      ],
      "dev": true,
      "optional": true,
      "os": [
        "darwin"
      ],
      "engines": {
        "node": ">=12"
      }
    },
    "node_modules/esbuild-darwin-arm64": {
      "version": "0.14.40",
      "resolved": "https://registry.npmjs.org/esbuild-darwin-arm64/-/esbuild-darwin-arm64-0.14.40.tgz",
      "integrity": "sha512-Wn0C2nrZSANvzK9efcxjKpv9l8yUC4PtYMmnf775gUNwak7sqecuoelhbUTshhrwsfjCNfjsrUhsHY2OHUiEdw==",
      "cpu": [
        "arm64"
      ],
      "dev": true,
      "optional": true,
      "os": [
        "darwin"
      ],
      "engines": {
        "node": ">=12"
      }
    },
    "node_modules/esbuild-freebsd-64": {
      "version": "0.14.40",
      "resolved": "https://registry.npmjs.org/esbuild-freebsd-64/-/esbuild-freebsd-64-0.14.40.tgz",
      "integrity": "sha512-B9WZNUn7Y9f97xrQGBAQPKsebeFZzAd+JCdsLCexrVfTjB24b+/Iuq5O2z/q5Meg7Yz0S+j8AO6ncpvNkK2u0w==",
      "cpu": [
        "x64"
      ],
      "dev": true,
      "optional": true,
      "os": [
        "freebsd"
      ],
      "engines": {
        "node": ">=12"
      }
    },
    "node_modules/esbuild-freebsd-arm64": {
      "version": "0.14.40",
      "resolved": "https://registry.npmjs.org/esbuild-freebsd-arm64/-/esbuild-freebsd-arm64-0.14.40.tgz",
      "integrity": "sha512-3aB9uJv2/lmQNzwmieNyyOdxKi+3ERwrqf3snBu/oEng8b7nMBNrEN+p7jjkTYNYmo291KiH/5EIAXwpsZndFw==",
      "cpu": [
        "arm64"
      ],
      "dev": true,
      "optional": true,
      "os": [
        "freebsd"
      ],
      "engines": {
        "node": ">=12"
      }
    },
    "node_modules/esbuild-linux-32": {
      "version": "0.14.40",
      "resolved": "https://registry.npmjs.org/esbuild-linux-32/-/esbuild-linux-32-0.14.40.tgz",
      "integrity": "sha512-LMI9BMeuGf6NRS23LbyVarN3nf+JyNcfiVEnR9M8691kL5Ffp3e7oTYRH65XdTUirM9D6e5cppfWLjvrRbGnRw==",
      "cpu": [
        "ia32"
      ],
      "dev": true,
      "optional": true,
      "os": [
        "linux"
      ],
      "engines": {
        "node": ">=12"
      }
    },
    "node_modules/esbuild-linux-64": {
      "version": "0.14.40",
      "resolved": "https://registry.npmjs.org/esbuild-linux-64/-/esbuild-linux-64-0.14.40.tgz",
      "integrity": "sha512-D/NkZ9QR2KShJXNuRWANxJzPCrwJoAoWVetQiGIAepzXbNh+dBo5ZLmlh8Txs6tE600N67MF/ScHP1S4FxLaJg==",
      "cpu": [
        "x64"
      ],
      "dev": true,
      "optional": true,
      "os": [
        "linux"
      ],
      "engines": {
        "node": ">=12"
      }
    },
    "node_modules/esbuild-linux-arm": {
      "version": "0.14.40",
      "resolved": "https://registry.npmjs.org/esbuild-linux-arm/-/esbuild-linux-arm-0.14.40.tgz",
      "integrity": "sha512-2a0yZXbzr/s3iCgZ84jFTHf+NyyXQ/7/Sd28oQq5iyy7TbJNS973XUOwgdlHdRqBxvw0nIWTw2FuwyUJAFa6Qg==",
      "cpu": [
        "arm"
      ],
      "dev": true,
      "optional": true,
      "os": [
        "linux"
      ],
      "engines": {
        "node": ">=12"
      }
    },
    "node_modules/esbuild-linux-arm64": {
      "version": "0.14.40",
      "resolved": "https://registry.npmjs.org/esbuild-linux-arm64/-/esbuild-linux-arm64-0.14.40.tgz",
      "integrity": "sha512-TIoZWKjrMJxZujh2nSsrrLkLDLzD/oBpSiobdUGe2bqKZpT4m7fkR0tEDNyM6Xvzj9uTQ4iTfJr2ekmpg3DyTQ==",
      "cpu": [
        "arm64"
      ],
      "dev": true,
      "optional": true,
      "os": [
        "linux"
      ],
      "engines": {
        "node": ">=12"
      }
    },
    "node_modules/esbuild-linux-mips64le": {
      "version": "0.14.40",
      "resolved": "https://registry.npmjs.org/esbuild-linux-mips64le/-/esbuild-linux-mips64le-0.14.40.tgz",
      "integrity": "sha512-SP30CYYSDMwr6mPUbjvD4K2R03GQHIQGrkrbXt5NM6mFqzR+S+JKVv9juq/CjlM9V7iIPPPqe4mb4DWC3b8pBw==",
      "cpu": [
        "mips64el"
      ],
      "dev": true,
      "optional": true,
      "os": [
        "linux"
      ],
      "engines": {
        "node": ">=12"
      }
    },
    "node_modules/esbuild-linux-ppc64le": {
      "version": "0.14.40",
      "resolved": "https://registry.npmjs.org/esbuild-linux-ppc64le/-/esbuild-linux-ppc64le-0.14.40.tgz",
      "integrity": "sha512-HlU3dfIdwzm/zhbXvMa5yWIafBeI7v6BDaEuApAww5Av8ht7lXgD1fZ11iJVPjRWNLcCZUgZaJKFrosSPQO/Bw==",
      "cpu": [
        "ppc64"
      ],
      "dev": true,
      "optional": true,
      "os": [
        "linux"
      ],
      "engines": {
        "node": ">=12"
      }
    },
    "node_modules/esbuild-linux-riscv64": {
      "version": "0.14.40",
      "resolved": "https://registry.npmjs.org/esbuild-linux-riscv64/-/esbuild-linux-riscv64-0.14.40.tgz",
      "integrity": "sha512-4ImTBEUykhIcIq3c97dIXnsmAHb//cjHh4nxttLhwpTZ+b/KdM1IpttqFhB0AFLUsrjP4WOCMxAm5FOL7FC2uw==",
      "cpu": [
        "riscv64"
      ],
      "dev": true,
      "optional": true,
      "os": [
        "linux"
      ],
      "engines": {
        "node": ">=12"
      }
    },
    "node_modules/esbuild-linux-s390x": {
      "version": "0.14.40",
      "resolved": "https://registry.npmjs.org/esbuild-linux-s390x/-/esbuild-linux-s390x-0.14.40.tgz",
      "integrity": "sha512-kFCPKictYjpt5rt0bFdbSmb8AWut75sIh1fZUTCVkujWMcpdL8ADuYMfVrN7R0CSQvkF1nQtrIBfp+ZU7R7KNQ==",
      "cpu": [
        "s390x"
      ],
      "dev": true,
      "optional": true,
      "os": [
        "linux"
      ],
      "engines": {
        "node": ">=12"
      }
    },
    "node_modules/esbuild-netbsd-64": {
      "version": "0.14.40",
      "resolved": "https://registry.npmjs.org/esbuild-netbsd-64/-/esbuild-netbsd-64-0.14.40.tgz",
      "integrity": "sha512-Hwzw2cSI6+p03TUjugzec54W6uW4tA1J/WovmlHl96Icjy73eWnAyCQwgG6ZLirXpt2aDfTEVShNaC2fE4KVhQ==",
      "cpu": [
        "x64"
      ],
      "dev": true,
      "optional": true,
      "os": [
        "netbsd"
      ],
      "engines": {
        "node": ">=12"
      }
    },
    "node_modules/esbuild-openbsd-64": {
      "version": "0.14.40",
      "resolved": "https://registry.npmjs.org/esbuild-openbsd-64/-/esbuild-openbsd-64-0.14.40.tgz",
      "integrity": "sha512-L4Pix+N2Sb0HvLl8zyn1Aq2aYD5Jt8rk9zwW3NUx19yafJqAFsnUN7L/XbbWSv5/XMqnY4hpAvIP2pyeV9+Bjw==",
      "cpu": [
        "x64"
      ],
      "dev": true,
      "optional": true,
      "os": [
        "openbsd"
      ],
      "engines": {
        "node": ">=12"
      }
    },
    "node_modules/esbuild-sunos-64": {
      "version": "0.14.40",
      "resolved": "https://registry.npmjs.org/esbuild-sunos-64/-/esbuild-sunos-64-0.14.40.tgz",
      "integrity": "sha512-iEITaelmmCO43ewk0bOYRGrewu2i2h2V0gKHQ/rz1MRqif8ohY/FNLn4WnThGUlrEgA1nTL1tc57PL12QbOo2Q==",
      "cpu": [
        "x64"
      ],
      "dev": true,
      "optional": true,
      "os": [
        "sunos"
      ],
      "engines": {
        "node": ">=12"
      }
    },
    "node_modules/esbuild-windows-32": {
      "version": "0.14.40",
      "resolved": "https://registry.npmjs.org/esbuild-windows-32/-/esbuild-windows-32-0.14.40.tgz",
      "integrity": "sha512-uXHmKl4RtCkK1v6QQK4hsP8Xiku6CwUM/W7Yv2rGtfylSOrrWKcpqwlDWx6bIm1Hav1uBC8hbgJ1hY6pWFNhNA==",
      "cpu": [
        "ia32"
      ],
      "dev": true,
      "optional": true,
      "os": [
        "win32"
      ],
      "engines": {
        "node": ">=12"
      }
    },
    "node_modules/esbuild-windows-64": {
      "version": "0.14.40",
      "resolved": "https://registry.npmjs.org/esbuild-windows-64/-/esbuild-windows-64-0.14.40.tgz",
      "integrity": "sha512-dvgQLVYnJzqce97AeHvxWtV9lHRDxIPatOikmrh1vt/SCE4tyVo5nAT/2SiZBJ6DzYmZT3BcJTV24bBLyu4ZUA==",
      "cpu": [
        "x64"
      ],
      "dev": true,
      "optional": true,
      "os": [
        "win32"
      ],
      "engines": {
        "node": ">=12"
      }
    },
    "node_modules/esbuild-windows-arm64": {
      "version": "0.14.40",
      "resolved": "https://registry.npmjs.org/esbuild-windows-arm64/-/esbuild-windows-arm64-0.14.40.tgz",
      "integrity": "sha512-c8ohQSFtRq78pZ/LQcpMft2xuR2IEitQkW07f9K7iN4EBdJMrCpOoXrZCfmX9lAC8yYOU7xHoLFYVln3n6fK1Q==",
      "cpu": [
        "arm64"
      ],
      "dev": true,
      "optional": true,
      "os": [
        "win32"
      ],
      "engines": {
        "node": ">=12"
      }
    },
    "node_modules/extend": {
      "version": "3.0.2",
      "resolved": "https://registry.npmjs.org/extend/-/extend-3.0.2.tgz",
      "integrity": "sha512-fjquC59cD7CyW6urNXK0FBufkZcoiGG80wTuPujX590cB5Ttln20E2UB4S/WARVqhXffZl2LNgS+gQdPIIim/g==",
      "dev": true
    },
    "node_modules/fsevents": {
      "version": "2.3.2",
      "resolved": "https://registry.npmjs.org/fsevents/-/fsevents-2.3.2.tgz",
      "integrity": "sha512-xiqMQR4xAeHTuB9uWm+fFRcIOgKBMiOBP+eXiyT7jsgVCq1bkVygt00oASowB7EdtpOHaaPgKt812P9ab+DDKA==",
      "dev": true,
      "hasInstallScript": true,
      "optional": true,
      "os": [
        "darwin"
      ],
      "engines": {
        "node": "^8.16.0 || ^10.6.0 || >=11.0.0"
      }
    },
    "node_modules/function-bind": {
      "version": "1.1.1",
      "resolved": "https://registry.npmjs.org/function-bind/-/function-bind-1.1.1.tgz",
      "integrity": "sha512-yIovAzMX49sF8Yl58fSCWJ5svSLuaibPxXQJFLmBObTuCr0Mf1KiPopGM9NiFjiYBCbfaa2Fh6breQ6ANVTI0A=="
    },
    "node_modules/get-intrinsic": {
      "version": "1.1.1",
      "resolved": "https://registry.npmjs.org/get-intrinsic/-/get-intrinsic-1.1.1.tgz",
      "integrity": "sha512-kWZrnVM42QCiEA2Ig1bG8zjoIMOgxWwYCEeNdwY6Tv/cOSeGpcoX4pXHfKUxNKVoArnrEr2e9srnAxxGIraS9Q==",
      "dependencies": {
        "function-bind": "^1.1.1",
        "has": "^1.0.3",
        "has-symbols": "^1.0.1"
      },
      "funding": {
        "url": "https://github.com/sponsors/ljharb"
      }
    },
    "node_modules/globalthis": {
      "version": "1.0.3",
      "resolved": "https://registry.npmjs.org/globalthis/-/globalthis-1.0.3.tgz",
      "integrity": "sha512-sFdI5LyBiNTHjRd7cGPWapiHWMOXKyuBNX/cWJ3NfzrZQVa8GI/8cofCl74AOVqq9W5kNmguTIzJ/1s2gyI9wA==",
      "dependencies": {
        "define-properties": "^1.1.3"
      },
      "engines": {
        "node": ">= 0.4"
      },
      "funding": {
        "url": "https://github.com/sponsors/ljharb"
      }
    },
    "node_modules/has": {
      "version": "1.0.3",
      "resolved": "https://registry.npmjs.org/has/-/has-1.0.3.tgz",
      "integrity": "sha512-f2dvO0VU6Oej7RkWJGrehjbzMAjFp5/VKPp5tTpWIV4JHHZK1/BxbFRtf/siA2SWTe09caDmVtYYzWEIbBS4zw==",
      "dependencies": {
        "function-bind": "^1.1.1"
      },
      "engines": {
        "node": ">= 0.4.0"
      }
    },
    "node_modules/has-property-descriptors": {
      "version": "1.0.0",
      "resolved": "https://registry.npmjs.org/has-property-descriptors/-/has-property-descriptors-1.0.0.tgz",
      "integrity": "sha512-62DVLZGoiEBDHQyqG4w9xCuZ7eJEwNmJRWw2VY84Oedb7WFcA27fiEVe8oUQx9hAUJ4ekurquucTGwsyO1XGdQ==",
      "dependencies": {
        "get-intrinsic": "^1.1.1"
      },
      "funding": {
        "url": "https://github.com/sponsors/ljharb"
      }
    },
    "node_modules/has-symbols": {
      "version": "1.0.3",
      "resolved": "https://registry.npmjs.org/has-symbols/-/has-symbols-1.0.3.tgz",
      "integrity": "sha512-l3LCuF6MgDNwTDKkdYGEihYjt5pRPbEg46rtlmnSPlUbgmB8LOIrKJbYYFBSbnPaJexMKtiPO8hmeRjRz2Td+A==",
      "engines": {
        "node": ">= 0.4"
      },
      "funding": {
        "url": "https://github.com/sponsors/ljharb"
      }
    },
    "node_modules/is-core-module": {
      "version": "2.9.0",
      "resolved": "https://registry.npmjs.org/is-core-module/-/is-core-module-2.9.0.tgz",
      "integrity": "sha512-+5FPy5PnwmO3lvfMb0AsoPaBG+5KHUI0wYFXOtYPnVVVspTFUuMZNfNaNVRt3FZadstu2c8x23vykRW/NBoU6A==",
      "dev": true,
      "dependencies": {
        "has": "^1.0.3"
      },
      "funding": {
        "url": "https://github.com/sponsors/ljharb"
      }
    },
    "node_modules/nanoid": {
      "version": "3.3.4",
      "resolved": "https://registry.npmjs.org/nanoid/-/nanoid-3.3.4.tgz",
      "integrity": "sha512-MqBkQh/OHTS2egovRtLk45wEyNXwF+cokD+1YPf9u5VfJiRdAiRwB2froX5Co9Rh20xs4siNPm8naNotSD6RBw==",
      "dev": true,
      "bin": {
        "nanoid": "bin/nanoid.cjs"
      },
      "engines": {
        "node": "^10 || ^12 || ^13.7 || ^14 || >=15.0.1"
      }
    },
    "node_modules/object-keys": {
      "version": "1.1.1",
      "resolved": "https://registry.npmjs.org/object-keys/-/object-keys-1.1.1.tgz",
      "integrity": "sha512-NuAESUOUMrlIXOfHKzD6bpPu3tYt3xvjNdRIQ+FeT0lNb4K8WR70CaDxhuNguS2XG+GjkyMwOzsN5ZktImfhLA==",
      "engines": {
        "node": ">= 0.4"
      }
    },
    "node_modules/path-parse": {
      "version": "1.0.7",
      "resolved": "https://registry.npmjs.org/path-parse/-/path-parse-1.0.7.tgz",
      "integrity": "sha512-LDJzPVEEEPR+y48z93A0Ed0yXb8pAByGWo/k5YYdYgpY2/2EsOsksJrq7lOHxryrVOn1ejG6oAp8ahvOIQD8sw==",
      "dev": true
    },
    "node_modules/picocolors": {
      "version": "1.0.0",
      "resolved": "https://registry.npmjs.org/picocolors/-/picocolors-1.0.0.tgz",
      "integrity": "sha512-1fygroTLlHu66zi26VoTDv8yRgm0Fccecssto+MhsZ0D/DGW2sm8E8AjW7NU5VVTRt5GxbeZ5qBuJr+HyLYkjQ==",
      "dev": true
    },
    "node_modules/postcss": {
      "version": "8.4.14",
      "resolved": "https://registry.npmjs.org/postcss/-/postcss-8.4.14.tgz",
      "integrity": "sha512-E398TUmfAYFPBSdzgeieK2Y1+1cpdxJx8yXbK/m57nRhKSmk1GB2tO4lbLBtlkfPQTDKfe4Xqv1ASWPpayPEig==",
      "dev": true,
      "funding": [
        {
          "type": "opencollective",
          "url": "https://opencollective.com/postcss/"
        },
        {
          "type": "tidelift",
          "url": "https://tidelift.com/funding/github/npm/postcss"
        }
      ],
      "dependencies": {
        "nanoid": "^3.3.4",
        "picocolors": "^1.0.0",
        "source-map-js": "^1.0.2"
      },
      "engines": {
        "node": "^10 || ^12 || >=14"
      }
    },
    "node_modules/quicktask": {
      "version": "1.2.0",
      "resolved": "https://registry.npmjs.org/quicktask/-/quicktask-1.2.0.tgz",
      "integrity": "sha512-LkBLIB8HxauuR6l7SigDZbvdjNWErRfauvCs7Rgp4Xh/oiA89IHTjj/SvUowywXnldISKWIZfxaqs/6lGEB+gw=="
    },
    "node_modules/resolve": {
      "version": "1.22.0",
      "resolved": "https://registry.npmjs.org/resolve/-/resolve-1.22.0.tgz",
      "integrity": "sha512-Hhtrw0nLeSrFQ7phPp4OOcVjLPIeMnRlr5mcnVuMe7M/7eBn98A3hmFRLoFo3DLZkivSYwhRUJTyPyWAk56WLw==",
      "dev": true,
      "dependencies": {
        "is-core-module": "^2.8.1",
        "path-parse": "^1.0.7",
        "supports-preserve-symlinks-flag": "^1.0.0"
      },
      "bin": {
        "resolve": "bin/resolve"
      },
      "funding": {
        "url": "https://github.com/sponsors/ljharb"
      }
    },
    "node_modules/rollup": {
      "version": "2.74.1",
      "resolved": "https://registry.npmjs.org/rollup/-/rollup-2.74.1.tgz",
      "integrity": "sha512-K2zW7kV8Voua5eGkbnBtWYfMIhYhT9Pel2uhBk2WO5eMee161nPze/XRfvEQPFYz7KgrCCnmh2Wy0AMFLGGmMA==",
      "dev": true,
      "bin": {
        "rollup": "dist/bin/rollup"
      },
      "engines": {
        "node": ">=10.0.0"
      },
      "optionalDependencies": {
        "fsevents": "~2.3.2"
      }
    },
    "node_modules/snabbdom": {
      "version": "3.5.0",
      "resolved": "https://registry.npmjs.org/snabbdom/-/snabbdom-3.5.0.tgz",
      "integrity": "sha512-Ff5BKG18KrrPuskHJlA9aujPHqEabItaDl96l7ZZndF4zt5AYSczz7ZjjgQAX5IBd5cd25lw9NfgX21yVUJ+9g==",
      "engines": {
        "node": ">=8.3.0"
      }
    },
    "node_modules/snabbdom-pragma": {
      "version": "2.8.0",
      "resolved": "https://registry.npmjs.org/snabbdom-pragma/-/snabbdom-pragma-2.8.0.tgz",
      "integrity": "sha512-ReCc8AiMksj8vWRfPQjvyji4DY6qUu3FiMfI0/mBJeRAfgOR/d5ijY+rpuMl4kee4w5fjj4pEasl2umaxOawpA==",
      "dev": true,
      "dependencies": {
        "extend": "^3.0.0"
      }
    },
    "node_modules/snabbdom-selector": {
      "version": "5.0.0",
      "resolved": "https://registry.npmjs.org/snabbdom-selector/-/snabbdom-selector-5.0.0.tgz",
      "integrity": "sha512-bJgpomacLM3jVhghsFxLcws8B6k+GVcnB/Af3avannj/zavIM1vLagvQHTFXzRVkf6nfxYaf/q58gekClDJoYA==",
      "dependencies": {
        "tree-selector": "^2.1.0"
      },
      "peerDependencies": {
        "snabbdom": "*"
      }
    },
    "node_modules/source-map-js": {
      "version": "1.0.2",
      "resolved": "https://registry.npmjs.org/source-map-js/-/source-map-js-1.0.2.tgz",
      "integrity": "sha512-R0XvVJ9WusLiqTCEiGCmICCMplcCkIwwR11mOSD9CR5u+IXYdiseeEuXCVAjS54zqwkLcPNnmU4OeJ6tUrWhDw==",
      "dev": true,
      "engines": {
        "node": ">=0.10.0"
      }
    },
    "node_modules/supports-preserve-symlinks-flag": {
      "version": "1.0.0",
      "resolved": "https://registry.npmjs.org/supports-preserve-symlinks-flag/-/supports-preserve-symlinks-flag-1.0.0.tgz",
      "integrity": "sha512-ot0WnXS9fgdkgIcePe6RHNk1WA8+muPa6cSjeR3V8K27q9BB1rTE3R1p7Hv0z1ZyAc8s6Vvv8DIyWf681MAt0w==",
      "dev": true,
      "engines": {
        "node": ">= 0.4"
      },
      "funding": {
        "url": "https://github.com/sponsors/ljharb"
      }
    },
    "node_modules/sygnal": {
      "version": "1.0.1",
      "resolved": "https://registry.npmjs.org/sygnal/-/sygnal-1.0.1.tgz",
      "integrity": "sha512-H/WOLxAyJb9J3/DMExiva85+L4ZXPiOiLEE28CfAjqsdbZuJzLA4yGkDL2EKPUFeSmafx5rF1gqWHpG78z1WzA==",
      "dependencies": {
        "@cycle/dom": "^23.1.0",
        "@cycle/isolate": "^5.2.0",
        "@cycle/run": "^5.7.0",
        "@cycle/state": "^1.7.0",
        "xstream": "^11.14.0"
      }
    },
    "node_modules/sygnal/node_modules/symbol-observable": {
      "version": "2.0.3",
      "resolved": "https://registry.npmjs.org/symbol-observable/-/symbol-observable-2.0.3.tgz",
      "integrity": "sha512-sQV7phh2WCYAn81oAkakC5qjq2Ml0g8ozqz03wOGnx9dDlG1de6yrF+0RAzSJD8fPUow3PTSMf2SAbOGxb93BA==",
      "engines": {
        "node": ">=0.10"
      }
    },
    "node_modules/sygnal/node_modules/xstream": {
      "version": "11.14.0",
      "resolved": "https://registry.npmjs.org/xstream/-/xstream-11.14.0.tgz",
      "integrity": "sha512-1bLb+kKKtKPbgTK6i/BaoAn03g47PpFstlbe1BA+y3pNS/LfvcaghS5BFf9+EE1J+KwSQsEpfJvFN5GqFtiNmw==",
      "dependencies": {
        "globalthis": "^1.0.1",
        "symbol-observable": "^2.0.3"
      }
    },
    "node_modules/symbol-observable": {
      "version": "1.2.0",
      "resolved": "https://registry.npmjs.org/symbol-observable/-/symbol-observable-1.2.0.tgz",
      "integrity": "sha512-e900nM8RRtGhlV36KGEU9k65K3mPb1WV70OdjfxlG2EAuM1noi/E/BaW/uMhL7bPEssK8QV57vN3esixjUvcXQ==",
      "engines": {
        "node": ">=0.10.0"
      }
    },
    "node_modules/todomvc-app-css": {
      "version": "2.4.2",
      "resolved": "https://registry.npmjs.org/todomvc-app-css/-/todomvc-app-css-2.4.2.tgz",
      "integrity": "sha512-ViAkQ7ed89rmhFIGRsT36njN+97z8+s3XsJnB8E2IKOq+/SLD/6PtSvmTtiwUcVk39qPcjAc/OyeDys4LoJUVg=="
    },
    "node_modules/todomvc-common": {
      "version": "1.0.5",
      "resolved": "https://registry.npmjs.org/todomvc-common/-/todomvc-common-1.0.5.tgz",
      "integrity": "sha512-D8kEJmxVMQIWwztEdH+WeiAfXRbbSCpgXq4NkYi+gduJ2tr8CNq7sYLfJvjpQ10KD9QxJwig57rvMbV2QAESwQ=="
    },
    "node_modules/tree-selector": {
      "version": "2.1.1",
      "resolved": "https://registry.npmjs.org/tree-selector/-/tree-selector-2.1.1.tgz",
      "integrity": "sha512-NVFYU6YzyUHSMS7+qbhdHlBHG5P9IPjycQa+8MnIBDpq/UWEkMD+lAL/56x7Fty+mAq9SWgtg9D4flZfuOZdDg=="
    },
    "node_modules/vite": {
      "version": "2.9.9",
      "resolved": "https://registry.npmjs.org/vite/-/vite-2.9.9.tgz",
      "integrity": "sha512-ffaam+NgHfbEmfw/Vuh6BHKKlI/XIAhxE5QSS7gFLIngxg171mg1P3a4LSRME0z2ZU1ScxoKzphkipcYwSD5Ew==",
      "dev": true,
      "dependencies": {
        "esbuild": "^0.14.27",
        "postcss": "^8.4.13",
        "resolve": "^1.22.0",
        "rollup": "^2.59.0"
      },
      "bin": {
        "vite": "bin/vite.js"
      },
      "engines": {
        "node": ">=12.2.0"
      },
      "optionalDependencies": {
        "fsevents": "~2.3.2"
      },
      "peerDependencies": {
        "less": "*",
        "sass": "*",
        "stylus": "*"
      },
      "peerDependenciesMeta": {
        "less": {
          "optional": true
        },
        "sass": {
          "optional": true
        },
        "stylus": {
          "optional": true
        }
      }
    },
    "node_modules/xstream": {
      "version": "11.0.0",
      "resolved": "https://registry.npmjs.org/xstream/-/xstream-11.0.0.tgz",
      "integrity": "sha1-IBjDxOVz92tiuc+WoXpGh2qxIOA=",
      "dependencies": {
        "symbol-observable": "^1.0.4"
      }
    }
  },
  "dependencies": {
    "@cycle/dom": {
      "version": "23.1.0",
      "resolved": "https://registry.npmjs.org/@cycle/dom/-/dom-23.1.0.tgz",
      "integrity": "sha512-BCjSKljAzqv7hYa06UjovqmwdBXPoWcHaackcg+3WG9ZAWOPpl+HrZAFQlbtWGFwDHqZOXckxtnRXueamo52iw==",
      "requires": {
        "@cycle/run": "^5.2.0",
        "snabbdom": "^3.4.0",
        "snabbdom-selector": "^5.0.0",
        "xstream": "*"
      }
    },
    "@cycle/isolate": {
      "version": "5.2.0",
      "resolved": "https://registry.npmjs.org/@cycle/isolate/-/isolate-5.2.0.tgz",
      "integrity": "sha512-BLyyd/EceQnuGaUVSBotdZkBEUeJq1zMbdK7LPdc7WMiJbinkduHue+rOe3BGbK3Ba7LGt7kjRBEfzLke9FGkg==",
      "requires": {
        "@cycle/run": "^5.2.0",
        "xstream": "^11.7.0"
      },
      "dependencies": {
        "symbol-observable": {
          "version": "2.0.3",
          "resolved": "https://registry.npmjs.org/symbol-observable/-/symbol-observable-2.0.3.tgz",
          "integrity": "sha512-sQV7phh2WCYAn81oAkakC5qjq2Ml0g8ozqz03wOGnx9dDlG1de6yrF+0RAzSJD8fPUow3PTSMf2SAbOGxb93BA=="
        },
        "xstream": {
          "version": "11.14.0",
          "resolved": "https://registry.npmjs.org/xstream/-/xstream-11.14.0.tgz",
          "integrity": "sha512-1bLb+kKKtKPbgTK6i/BaoAn03g47PpFstlbe1BA+y3pNS/LfvcaghS5BFf9+EE1J+KwSQsEpfJvFN5GqFtiNmw==",
          "requires": {
            "globalthis": "^1.0.1",
            "symbol-observable": "^2.0.3"
          }
        }
      }
    },
    "@cycle/run": {
      "version": "5.7.0",
      "resolved": "https://registry.npmjs.org/@cycle/run/-/run-5.7.0.tgz",
      "integrity": "sha512-HUsUWCIJxoBcBhkKxiLbUg6mSOIDbDtNvmPUJ4EYoVaJg9jf0wA/ojCmWjAh4Bg6o+lfNlO4c96TANFTreF3Kw==",
      "requires": {
        "quicktask": "1.2.0",
        "xstream": "10.x || 11.x"
      }
    },
    "@cycle/state": {
      "version": "1.7.0",
      "resolved": "https://registry.npmjs.org/@cycle/state/-/state-1.7.0.tgz",
      "integrity": "sha512-nw0uH8yHqJNPwC56lQOs0oCfTQ89Ya99T7G/X2II+KjDgEr7Xs6FHGyd3DtrCuyH2tH81cbPc2VYPrj8tUeWdQ==",
      "requires": {
        "@cycle/isolate": "^5.0.0",
        "@cycle/run": "^5.2.0",
        "quicktask": "1.2.0",
        "xstream": ">=11"
      }
    },
    "define-properties": {
      "version": "1.1.4",
      "resolved": "https://registry.npmjs.org/define-properties/-/define-properties-1.1.4.tgz",
      "integrity": "sha512-uckOqKcfaVvtBdsVkdPv3XjveQJsNQqmhXgRi8uhvWWuPYZCNlzT8qAyblUgNoXdHdjMTzAqeGjAoli8f+bzPA==",
      "requires": {
        "has-property-descriptors": "^1.0.0",
        "object-keys": "^1.1.1"
      }
    },
    "director": {
      "version": "1.2.8",
      "resolved": "https://registry.npmjs.org/director/-/director-1.2.8.tgz",
      "integrity": "sha1-xtm03YkOmv9TZRg/6cyOc5lM8tU="
    },
    "esbuild": {
      "version": "0.14.40",
      "resolved": "https://registry.npmjs.org/esbuild/-/esbuild-0.14.40.tgz",
      "integrity": "sha512-toIoQk3ODEEIudsN74wXGdw1eiUN4aKRijOqiwEAqfUFlhORPYFJtACzRdRRlpUysRUUlvIUoGE1aw/MIVCWnA==",
      "dev": true,
      "requires": {
        "esbuild-android-64": "0.14.40",
        "esbuild-android-arm64": "0.14.40",
        "esbuild-darwin-64": "0.14.40",
        "esbuild-darwin-arm64": "0.14.40",
        "esbuild-freebsd-64": "0.14.40",
        "esbuild-freebsd-arm64": "0.14.40",
        "esbuild-linux-32": "0.14.40",
        "esbuild-linux-64": "0.14.40",
        "esbuild-linux-arm": "0.14.40",
        "esbuild-linux-arm64": "0.14.40",
        "esbuild-linux-mips64le": "0.14.40",
        "esbuild-linux-ppc64le": "0.14.40",
        "esbuild-linux-riscv64": "0.14.40",
        "esbuild-linux-s390x": "0.14.40",
        "esbuild-netbsd-64": "0.14.40",
        "esbuild-openbsd-64": "0.14.40",
        "esbuild-sunos-64": "0.14.40",
        "esbuild-windows-32": "0.14.40",
        "esbuild-windows-64": "0.14.40",
        "esbuild-windows-arm64": "0.14.40"
      }
    },
    "esbuild-android-64": {
      "version": "0.14.40",
      "resolved": "https://registry.npmjs.org/esbuild-android-64/-/esbuild-android-64-0.14.40.tgz",
      "integrity": "sha512-+69t+bmJWWhTyG8waJZcu4UGzM4NbDXAwssTEDYwonyz6L/Is11Y3csJhE16RM0a1GeDin0n810vNP+NVjttKA==",
      "dev": true,
      "optional": true
    },
    "esbuild-android-arm64": {
      "version": "0.14.40",
      "resolved": "https://registry.npmjs.org/esbuild-android-arm64/-/esbuild-android-arm64-0.14.40.tgz",
      "integrity": "sha512-lVDn4d7/NL5Svrxuskmd/YcluI6uI4Ebp7A1/tWyLJJYbvfIy5l4Vy8GMhErGLePbRyJJiuBP9xusapK4u+6bg==",
      "dev": true,
      "optional": true
    },
    "esbuild-darwin-64": {
      "version": "0.14.40",
      "resolved": "https://registry.npmjs.org/esbuild-darwin-64/-/esbuild-darwin-64-0.14.40.tgz",
      "integrity": "sha512-b5u3IXCHhOjkRHIQTSxCN7ObUR5NTyJCP9LrnJ69dEEi1w1usI40T/VNyTTCs7n0UgEH7/zi27vBxbZU+sU4Ew==",
      "dev": true,
      "optional": true
    },
    "esbuild-darwin-arm64": {
      "version": "0.14.40",
      "resolved": "https://registry.npmjs.org/esbuild-darwin-arm64/-/esbuild-darwin-arm64-0.14.40.tgz",
      "integrity": "sha512-Wn0C2nrZSANvzK9efcxjKpv9l8yUC4PtYMmnf775gUNwak7sqecuoelhbUTshhrwsfjCNfjsrUhsHY2OHUiEdw==",
      "dev": true,
      "optional": true
    },
    "esbuild-freebsd-64": {
      "version": "0.14.40",
      "resolved": "https://registry.npmjs.org/esbuild-freebsd-64/-/esbuild-freebsd-64-0.14.40.tgz",
      "integrity": "sha512-B9WZNUn7Y9f97xrQGBAQPKsebeFZzAd+JCdsLCexrVfTjB24b+/Iuq5O2z/q5Meg7Yz0S+j8AO6ncpvNkK2u0w==",
      "dev": true,
      "optional": true
    },
    "esbuild-freebsd-arm64": {
      "version": "0.14.40",
      "resolved": "https://registry.npmjs.org/esbuild-freebsd-arm64/-/esbuild-freebsd-arm64-0.14.40.tgz",
      "integrity": "sha512-3aB9uJv2/lmQNzwmieNyyOdxKi+3ERwrqf3snBu/oEng8b7nMBNrEN+p7jjkTYNYmo291KiH/5EIAXwpsZndFw==",
      "dev": true,
      "optional": true
    },
    "esbuild-linux-32": {
      "version": "0.14.40",
      "resolved": "https://registry.npmjs.org/esbuild-linux-32/-/esbuild-linux-32-0.14.40.tgz",
      "integrity": "sha512-LMI9BMeuGf6NRS23LbyVarN3nf+JyNcfiVEnR9M8691kL5Ffp3e7oTYRH65XdTUirM9D6e5cppfWLjvrRbGnRw==",
      "dev": true,
      "optional": true
    },
    "esbuild-linux-64": {
      "version": "0.14.40",
      "resolved": "https://registry.npmjs.org/esbuild-linux-64/-/esbuild-linux-64-0.14.40.tgz",
      "integrity": "sha512-D/NkZ9QR2KShJXNuRWANxJzPCrwJoAoWVetQiGIAepzXbNh+dBo5ZLmlh8Txs6tE600N67MF/ScHP1S4FxLaJg==",
      "dev": true,
      "optional": true
    },
    "esbuild-linux-arm": {
      "version": "0.14.40",
      "resolved": "https://registry.npmjs.org/esbuild-linux-arm/-/esbuild-linux-arm-0.14.40.tgz",
      "integrity": "sha512-2a0yZXbzr/s3iCgZ84jFTHf+NyyXQ/7/Sd28oQq5iyy7TbJNS973XUOwgdlHdRqBxvw0nIWTw2FuwyUJAFa6Qg==",
      "dev": true,
      "optional": true
    },
    "esbuild-linux-arm64": {
      "version": "0.14.40",
      "resolved": "https://registry.npmjs.org/esbuild-linux-arm64/-/esbuild-linux-arm64-0.14.40.tgz",
      "integrity": "sha512-TIoZWKjrMJxZujh2nSsrrLkLDLzD/oBpSiobdUGe2bqKZpT4m7fkR0tEDNyM6Xvzj9uTQ4iTfJr2ekmpg3DyTQ==",
      "dev": true,
      "optional": true
    },
    "esbuild-linux-mips64le": {
      "version": "0.14.40",
      "resolved": "https://registry.npmjs.org/esbuild-linux-mips64le/-/esbuild-linux-mips64le-0.14.40.tgz",
      "integrity": "sha512-SP30CYYSDMwr6mPUbjvD4K2R03GQHIQGrkrbXt5NM6mFqzR+S+JKVv9juq/CjlM9V7iIPPPqe4mb4DWC3b8pBw==",
      "dev": true,
      "optional": true
    },
    "esbuild-linux-ppc64le": {
      "version": "0.14.40",
      "resolved": "https://registry.npmjs.org/esbuild-linux-ppc64le/-/esbuild-linux-ppc64le-0.14.40.tgz",
      "integrity": "sha512-HlU3dfIdwzm/zhbXvMa5yWIafBeI7v6BDaEuApAww5Av8ht7lXgD1fZ11iJVPjRWNLcCZUgZaJKFrosSPQO/Bw==",
      "dev": true,
      "optional": true
    },
    "esbuild-linux-riscv64": {
      "version": "0.14.40",
      "resolved": "https://registry.npmjs.org/esbuild-linux-riscv64/-/esbuild-linux-riscv64-0.14.40.tgz",
      "integrity": "sha512-4ImTBEUykhIcIq3c97dIXnsmAHb//cjHh4nxttLhwpTZ+b/KdM1IpttqFhB0AFLUsrjP4WOCMxAm5FOL7FC2uw==",
      "dev": true,
      "optional": true
    },
    "esbuild-linux-s390x": {
      "version": "0.14.40",
      "resolved": "https://registry.npmjs.org/esbuild-linux-s390x/-/esbuild-linux-s390x-0.14.40.tgz",
      "integrity": "sha512-kFCPKictYjpt5rt0bFdbSmb8AWut75sIh1fZUTCVkujWMcpdL8ADuYMfVrN7R0CSQvkF1nQtrIBfp+ZU7R7KNQ==",
      "dev": true,
      "optional": true
    },
    "esbuild-netbsd-64": {
      "version": "0.14.40",
      "resolved": "https://registry.npmjs.org/esbuild-netbsd-64/-/esbuild-netbsd-64-0.14.40.tgz",
      "integrity": "sha512-Hwzw2cSI6+p03TUjugzec54W6uW4tA1J/WovmlHl96Icjy73eWnAyCQwgG6ZLirXpt2aDfTEVShNaC2fE4KVhQ==",
      "dev": true,
      "optional": true
    },
    "esbuild-openbsd-64": {
      "version": "0.14.40",
      "resolved": "https://registry.npmjs.org/esbuild-openbsd-64/-/esbuild-openbsd-64-0.14.40.tgz",
      "integrity": "sha512-L4Pix+N2Sb0HvLl8zyn1Aq2aYD5Jt8rk9zwW3NUx19yafJqAFsnUN7L/XbbWSv5/XMqnY4hpAvIP2pyeV9+Bjw==",
      "dev": true,
      "optional": true
    },
    "esbuild-sunos-64": {
      "version": "0.14.40",
      "resolved": "https://registry.npmjs.org/esbuild-sunos-64/-/esbuild-sunos-64-0.14.40.tgz",
      "integrity": "sha512-iEITaelmmCO43ewk0bOYRGrewu2i2h2V0gKHQ/rz1MRqif8ohY/FNLn4WnThGUlrEgA1nTL1tc57PL12QbOo2Q==",
      "dev": true,
      "optional": true
    },
    "esbuild-windows-32": {
      "version": "0.14.40",
      "resolved": "https://registry.npmjs.org/esbuild-windows-32/-/esbuild-windows-32-0.14.40.tgz",
      "integrity": "sha512-uXHmKl4RtCkK1v6QQK4hsP8Xiku6CwUM/W7Yv2rGtfylSOrrWKcpqwlDWx6bIm1Hav1uBC8hbgJ1hY6pWFNhNA==",
      "dev": true,
      "optional": true
    },
    "esbuild-windows-64": {
      "version": "0.14.40",
      "resolved": "https://registry.npmjs.org/esbuild-windows-64/-/esbuild-windows-64-0.14.40.tgz",
      "integrity": "sha512-dvgQLVYnJzqce97AeHvxWtV9lHRDxIPatOikmrh1vt/SCE4tyVo5nAT/2SiZBJ6DzYmZT3BcJTV24bBLyu4ZUA==",
      "dev": true,
      "optional": true
    },
    "esbuild-windows-arm64": {
      "version": "0.14.40",
      "resolved": "https://registry.npmjs.org/esbuild-windows-arm64/-/esbuild-windows-arm64-0.14.40.tgz",
      "integrity": "sha512-c8ohQSFtRq78pZ/LQcpMft2xuR2IEitQkW07f9K7iN4EBdJMrCpOoXrZCfmX9lAC8yYOU7xHoLFYVln3n6fK1Q==",
      "dev": true,
      "optional": true
    },
    "extend": {
      "version": "3.0.2",
      "resolved": "https://registry.npmjs.org/extend/-/extend-3.0.2.tgz",
      "integrity": "sha512-fjquC59cD7CyW6urNXK0FBufkZcoiGG80wTuPujX590cB5Ttln20E2UB4S/WARVqhXffZl2LNgS+gQdPIIim/g==",
      "dev": true
    },
    "fsevents": {
      "version": "2.3.2",
      "resolved": "https://registry.npmjs.org/fsevents/-/fsevents-2.3.2.tgz",
      "integrity": "sha512-xiqMQR4xAeHTuB9uWm+fFRcIOgKBMiOBP+eXiyT7jsgVCq1bkVygt00oASowB7EdtpOHaaPgKt812P9ab+DDKA==",
      "dev": true,
      "optional": true
    },
    "function-bind": {
      "version": "1.1.1",
      "resolved": "https://registry.npmjs.org/function-bind/-/function-bind-1.1.1.tgz",
      "integrity": "sha512-yIovAzMX49sF8Yl58fSCWJ5svSLuaibPxXQJFLmBObTuCr0Mf1KiPopGM9NiFjiYBCbfaa2Fh6breQ6ANVTI0A=="
    },
    "get-intrinsic": {
      "version": "1.1.1",
      "resolved": "https://registry.npmjs.org/get-intrinsic/-/get-intrinsic-1.1.1.tgz",
      "integrity": "sha512-kWZrnVM42QCiEA2Ig1bG8zjoIMOgxWwYCEeNdwY6Tv/cOSeGpcoX4pXHfKUxNKVoArnrEr2e9srnAxxGIraS9Q==",
      "requires": {
        "function-bind": "^1.1.1",
        "has": "^1.0.3",
        "has-symbols": "^1.0.1"
      }
    },
    "globalthis": {
      "version": "1.0.3",
      "resolved": "https://registry.npmjs.org/globalthis/-/globalthis-1.0.3.tgz",
      "integrity": "sha512-sFdI5LyBiNTHjRd7cGPWapiHWMOXKyuBNX/cWJ3NfzrZQVa8GI/8cofCl74AOVqq9W5kNmguTIzJ/1s2gyI9wA==",
      "requires": {
        "define-properties": "^1.1.3"
      }
    },
    "has": {
      "version": "1.0.3",
      "resolved": "https://registry.npmjs.org/has/-/has-1.0.3.tgz",
      "integrity": "sha512-f2dvO0VU6Oej7RkWJGrehjbzMAjFp5/VKPp5tTpWIV4JHHZK1/BxbFRtf/siA2SWTe09caDmVtYYzWEIbBS4zw==",
      "requires": {
        "function-bind": "^1.1.1"
      }
    },
    "has-property-descriptors": {
      "version": "1.0.0",
      "resolved": "https://registry.npmjs.org/has-property-descriptors/-/has-property-descriptors-1.0.0.tgz",
      "integrity": "sha512-62DVLZGoiEBDHQyqG4w9xCuZ7eJEwNmJRWw2VY84Oedb7WFcA27fiEVe8oUQx9hAUJ4ekurquucTGwsyO1XGdQ==",
      "requires": {
        "get-intrinsic": "^1.1.1"
      }
    },
    "has-symbols": {
      "version": "1.0.3",
      "resolved": "https://registry.npmjs.org/has-symbols/-/has-symbols-1.0.3.tgz",
      "integrity": "sha512-l3LCuF6MgDNwTDKkdYGEihYjt5pRPbEg46rtlmnSPlUbgmB8LOIrKJbYYFBSbnPaJexMKtiPO8hmeRjRz2Td+A=="
    },
    "is-core-module": {
      "version": "2.9.0",
      "resolved": "https://registry.npmjs.org/is-core-module/-/is-core-module-2.9.0.tgz",
      "integrity": "sha512-+5FPy5PnwmO3lvfMb0AsoPaBG+5KHUI0wYFXOtYPnVVVspTFUuMZNfNaNVRt3FZadstu2c8x23vykRW/NBoU6A==",
      "dev": true,
      "requires": {
        "has": "^1.0.3"
      }
    },
    "nanoid": {
      "version": "3.3.4",
      "resolved": "https://registry.npmjs.org/nanoid/-/nanoid-3.3.4.tgz",
      "integrity": "sha512-MqBkQh/OHTS2egovRtLk45wEyNXwF+cokD+1YPf9u5VfJiRdAiRwB2froX5Co9Rh20xs4siNPm8naNotSD6RBw==",
      "dev": true
    },
    "object-keys": {
      "version": "1.1.1",
      "resolved": "https://registry.npmjs.org/object-keys/-/object-keys-1.1.1.tgz",
      "integrity": "sha512-NuAESUOUMrlIXOfHKzD6bpPu3tYt3xvjNdRIQ+FeT0lNb4K8WR70CaDxhuNguS2XG+GjkyMwOzsN5ZktImfhLA=="
    },
    "path-parse": {
      "version": "1.0.7",
      "resolved": "https://registry.npmjs.org/path-parse/-/path-parse-1.0.7.tgz",
      "integrity": "sha512-LDJzPVEEEPR+y48z93A0Ed0yXb8pAByGWo/k5YYdYgpY2/2EsOsksJrq7lOHxryrVOn1ejG6oAp8ahvOIQD8sw==",
      "dev": true
    },
    "picocolors": {
      "version": "1.0.0",
      "resolved": "https://registry.npmjs.org/picocolors/-/picocolors-1.0.0.tgz",
      "integrity": "sha512-1fygroTLlHu66zi26VoTDv8yRgm0Fccecssto+MhsZ0D/DGW2sm8E8AjW7NU5VVTRt5GxbeZ5qBuJr+HyLYkjQ==",
      "dev": true
    },
    "postcss": {
      "version": "8.4.14",
      "resolved": "https://registry.npmjs.org/postcss/-/postcss-8.4.14.tgz",
      "integrity": "sha512-E398TUmfAYFPBSdzgeieK2Y1+1cpdxJx8yXbK/m57nRhKSmk1GB2tO4lbLBtlkfPQTDKfe4Xqv1ASWPpayPEig==",
      "dev": true,
      "requires": {
        "nanoid": "^3.3.4",
        "picocolors": "^1.0.0",
        "source-map-js": "^1.0.2"
      }
    },
    "quicktask": {
      "version": "1.2.0",
      "resolved": "https://registry.npmjs.org/quicktask/-/quicktask-1.2.0.tgz",
      "integrity": "sha512-LkBLIB8HxauuR6l7SigDZbvdjNWErRfauvCs7Rgp4Xh/oiA89IHTjj/SvUowywXnldISKWIZfxaqs/6lGEB+gw=="
    },
    "resolve": {
      "version": "1.22.0",
      "resolved": "https://registry.npmjs.org/resolve/-/resolve-1.22.0.tgz",
      "integrity": "sha512-Hhtrw0nLeSrFQ7phPp4OOcVjLPIeMnRlr5mcnVuMe7M/7eBn98A3hmFRLoFo3DLZkivSYwhRUJTyPyWAk56WLw==",
      "dev": true,
      "requires": {
        "is-core-module": "^2.8.1",
        "path-parse": "^1.0.7",
        "supports-preserve-symlinks-flag": "^1.0.0"
      }
    },
    "rollup": {
      "version": "2.74.1",
      "resolved": "https://registry.npmjs.org/rollup/-/rollup-2.74.1.tgz",
      "integrity": "sha512-K2zW7kV8Voua5eGkbnBtWYfMIhYhT9Pel2uhBk2WO5eMee161nPze/XRfvEQPFYz7KgrCCnmh2Wy0AMFLGGmMA==",
      "dev": true,
      "requires": {
        "fsevents": "~2.3.2"
      }
    },
    "snabbdom": {
      "version": "3.5.0",
      "resolved": "https://registry.npmjs.org/snabbdom/-/snabbdom-3.5.0.tgz",
      "integrity": "sha512-Ff5BKG18KrrPuskHJlA9aujPHqEabItaDl96l7ZZndF4zt5AYSczz7ZjjgQAX5IBd5cd25lw9NfgX21yVUJ+9g=="
    },
    "snabbdom-pragma": {
      "version": "2.8.0",
      "resolved": "https://registry.npmjs.org/snabbdom-pragma/-/snabbdom-pragma-2.8.0.tgz",
      "integrity": "sha512-ReCc8AiMksj8vWRfPQjvyji4DY6qUu3FiMfI0/mBJeRAfgOR/d5ijY+rpuMl4kee4w5fjj4pEasl2umaxOawpA==",
      "dev": true,
      "requires": {
        "extend": "^3.0.0"
      }
    },
    "snabbdom-selector": {
      "version": "5.0.0",
      "resolved": "https://registry.npmjs.org/snabbdom-selector/-/snabbdom-selector-5.0.0.tgz",
      "integrity": "sha512-bJgpomacLM3jVhghsFxLcws8B6k+GVcnB/Af3avannj/zavIM1vLagvQHTFXzRVkf6nfxYaf/q58gekClDJoYA==",
      "requires": {
        "tree-selector": "^2.1.0"
      }
    },
    "source-map-js": {
      "version": "1.0.2",
      "resolved": "https://registry.npmjs.org/source-map-js/-/source-map-js-1.0.2.tgz",
      "integrity": "sha512-R0XvVJ9WusLiqTCEiGCmICCMplcCkIwwR11mOSD9CR5u+IXYdiseeEuXCVAjS54zqwkLcPNnmU4OeJ6tUrWhDw==",
      "dev": true
    },
    "supports-preserve-symlinks-flag": {
      "version": "1.0.0",
      "resolved": "https://registry.npmjs.org/supports-preserve-symlinks-flag/-/supports-preserve-symlinks-flag-1.0.0.tgz",
      "integrity": "sha512-ot0WnXS9fgdkgIcePe6RHNk1WA8+muPa6cSjeR3V8K27q9BB1rTE3R1p7Hv0z1ZyAc8s6Vvv8DIyWf681MAt0w==",
      "dev": true
    },
    "sygnal": {
      "version": "1.0.1",
      "resolved": "https://registry.npmjs.org/sygnal/-/sygnal-1.0.1.tgz",
      "integrity": "sha512-H/WOLxAyJb9J3/DMExiva85+L4ZXPiOiLEE28CfAjqsdbZuJzLA4yGkDL2EKPUFeSmafx5rF1gqWHpG78z1WzA==",
      "requires": {
        "@cycle/dom": "^23.1.0",
        "@cycle/isolate": "^5.2.0",
        "@cycle/run": "^5.7.0",
        "@cycle/state": "^1.7.0",
        "xstream": "^11.14.0"
      },
      "dependencies": {
        "symbol-observable": {
          "version": "2.0.3",
          "resolved": "https://registry.npmjs.org/symbol-observable/-/symbol-observable-2.0.3.tgz",
          "integrity": "sha512-sQV7phh2WCYAn81oAkakC5qjq2Ml0g8ozqz03wOGnx9dDlG1de6yrF+0RAzSJD8fPUow3PTSMf2SAbOGxb93BA=="
        },
        "xstream": {
          "version": "11.14.0",
          "resolved": "https://registry.npmjs.org/xstream/-/xstream-11.14.0.tgz",
          "integrity": "sha512-1bLb+kKKtKPbgTK6i/BaoAn03g47PpFstlbe1BA+y3pNS/LfvcaghS5BFf9+EE1J+KwSQsEpfJvFN5GqFtiNmw==",
          "requires": {
            "globalthis": "^1.0.1",
            "symbol-observable": "^2.0.3"
          }
        }
      }
    },
    "symbol-observable": {
      "version": "1.2.0",
      "resolved": "https://registry.npmjs.org/symbol-observable/-/symbol-observable-1.2.0.tgz",
      "integrity": "sha512-e900nM8RRtGhlV36KGEU9k65K3mPb1WV70OdjfxlG2EAuM1noi/E/BaW/uMhL7bPEssK8QV57vN3esixjUvcXQ=="
    },
    "todomvc-app-css": {
      "version": "2.4.2",
      "resolved": "https://registry.npmjs.org/todomvc-app-css/-/todomvc-app-css-2.4.2.tgz",
      "integrity": "sha512-ViAkQ7ed89rmhFIGRsT36njN+97z8+s3XsJnB8E2IKOq+/SLD/6PtSvmTtiwUcVk39qPcjAc/OyeDys4LoJUVg=="
    },
    "todomvc-common": {
      "version": "1.0.5",
      "resolved": "https://registry.npmjs.org/todomvc-common/-/todomvc-common-1.0.5.tgz",
      "integrity": "sha512-D8kEJmxVMQIWwztEdH+WeiAfXRbbSCpgXq4NkYi+gduJ2tr8CNq7sYLfJvjpQ10KD9QxJwig57rvMbV2QAESwQ=="
    },
    "tree-selector": {
      "version": "2.1.1",
      "resolved": "https://registry.npmjs.org/tree-selector/-/tree-selector-2.1.1.tgz",
      "integrity": "sha512-NVFYU6YzyUHSMS7+qbhdHlBHG5P9IPjycQa+8MnIBDpq/UWEkMD+lAL/56x7Fty+mAq9SWgtg9D4flZfuOZdDg=="
    },
    "vite": {
      "version": "2.9.9",
      "resolved": "https://registry.npmjs.org/vite/-/vite-2.9.9.tgz",
      "integrity": "sha512-ffaam+NgHfbEmfw/Vuh6BHKKlI/XIAhxE5QSS7gFLIngxg171mg1P3a4LSRME0z2ZU1ScxoKzphkipcYwSD5Ew==",
      "dev": true,
      "requires": {
        "esbuild": "^0.14.27",
        "fsevents": "~2.3.2",
        "postcss": "^8.4.13",
        "resolve": "^1.22.0",
        "rollup": "^2.59.0"
      }
    },
    "xstream": {
      "version": "11.0.0",
      "resolved": "https://registry.npmjs.org/xstream/-/xstream-11.0.0.tgz",
      "integrity": "sha1-IBjDxOVz92tiuc+WoXpGh2qxIOA=",
      "requires": {
        "symbol-observable": "^1.0.4"
      }
    }
  }
}
